// !$*UTF8*$!
{
	archiveVersion = 1;
	classes = {
	};
	objectVersion = 56;
	objects = {

/* Begin PBXBuildFile section */
		8E181F392B645B71000229C5 /* GlobalGitConfig.swift in Sources */ = {isa = PBXBuildFile; fileRef = 8E181F382B645B71000229C5 /* GlobalGitConfig.swift */; };
		8E181F3B2B645F8A000229C5 /* GitConfigView.swift in Sources */ = {isa = PBXBuildFile; fileRef = 8E181F3A2B645F8A000229C5 /* GitConfigView.swift */; };
		8E18AEEE2B77A27B0070C3ED /* RepoInspectorView.swift in Sources */ = {isa = PBXBuildFile; fileRef = 8E18AEED2B77A27B0070C3ED /* RepoInspectorView.swift */; };
		8E2299442B7DF5F500513007 /* GitChangelog.swift in Sources */ = {isa = PBXBuildFile; fileRef = 8E2299432B7DF5F500513007 /* GitChangelog.swift */; };
		8E2AFC382A24EBEB00D12539 /* MainRectangleView.swift in Sources */ = {isa = PBXBuildFile; fileRef = 8E2AFC372A24EBEB00D12539 /* MainRectangleView.swift */; };
		8E415E912AFFBABF00F49FA9 /* SFSymbols.swift in Sources */ = {isa = PBXBuildFile; fileRef = 8E415E902AFFBABF00F49FA9 /* SFSymbols.swift */; };
		8E53E0B62AE2A400003D22CF /* RepositoyModel.swift in Sources */ = {isa = PBXBuildFile; fileRef = 8E53E0B52AE2A400003D22CF /* RepositoyModel.swift */; };
		8E53E0B82AE2C29E003D22CF /* ProcessHandler.swift in Sources */ = {isa = PBXBuildFile; fileRef = 8E53E0B72AE2C29E003D22CF /* ProcessHandler.swift */; };
		8E5829132B9783AE00F6D0E7 /* .gitignore in Resources */ = {isa = PBXBuildFile; fileRef = 8E5829122B9783AE00F6D0E7 /* .gitignore */; };
		8E5829162B978A5F00F6D0E7 /* ThemeMode.swift in Sources */ = {isa = PBXBuildFile; fileRef = 8E5829152B978A5F00F6D0E7 /* ThemeMode.swift */; };
		8E5BAB0A2AFFAEC000DA6350 /* SplashScreenView.swift in Sources */ = {isa = PBXBuildFile; fileRef = 8E5BAB092AFFAEC000DA6350 /* SplashScreenView.swift */; };
		8E6574EA2AE16BD90047ACFD /* NavigationManager.swift in Sources */ = {isa = PBXBuildFile; fileRef = 8E6574E92AE16BD90047ACFD /* NavigationManager.swift */; };
		8E6E0C7E2AEEBEEF00B1A013 /* ToolbarView.swift in Sources */ = {isa = PBXBuildFile; fileRef = 8E6E0C7D2AEEBEEF00B1A013 /* ToolbarView.swift */; };
		8E7DB4872ADFBD4100F4EAB7 /* SettingsBarView.swift in Sources */ = {isa = PBXBuildFile; fileRef = 8E7DB4862ADFBD4100F4EAB7 /* SettingsBarView.swift */; };
		8E8DC4B82AE4FF75002D2C5A /* FileUtils.swift in Sources */ = {isa = PBXBuildFile; fileRef = 8E8DC4B72AE4FF75002D2C5A /* FileUtils.swift */; };
		8E8DC4BC2AE50D31002D2C5A /* GitRepoHandler.swift in Sources */ = {isa = PBXBuildFile; fileRef = 8E8DC4BB2AE50D31002D2C5A /* GitRepoHandler.swift */; };
		8E8DC4C12AE65C8F002D2C5A /* HamburgerMenuView.swift in Sources */ = {isa = PBXBuildFile; fileRef = 8E8DC4C02AE65C8F002D2C5A /* HamburgerMenuView.swift */; };
		8E8DC4C32AE67B2A002D2C5A /* SingleCellView.swift in Sources */ = {isa = PBXBuildFile; fileRef = 8E8DC4C22AE67B2A002D2C5A /* SingleCellView.swift */; };
		8E8DC4C62AE68065002D2C5A /* GitConfig.swift in Sources */ = {isa = PBXBuildFile; fileRef = 8E8DC4C52AE68065002D2C5A /* GitConfig.swift */; };
		8E93264C2AE15ABA00DFE0D9 /* RepoGridView.swift in Sources */ = {isa = PBXBuildFile; fileRef = 8E93264B2AE15ABA00DFE0D9 /* RepoGridView.swift */; };
		8E993A642B9B597000C68DDD /* SingleSearchPathView.swift in Sources */ = {isa = PBXBuildFile; fileRef = 8E993A632B9B597000C68DDD /* SingleSearchPathView.swift */; };
		8E9987462AE3B58B00145820 /* SidebarView.swift in Sources */ = {isa = PBXBuildFile; fileRef = 8E9987452AE3B58B00145820 /* SidebarView.swift */; };
		8E9987482AE3C32600145820 /* SidebarItems.swift in Sources */ = {isa = PBXBuildFile; fileRef = 8E9987472AE3C32600145820 /* SidebarItems.swift */; };
		8EAD4F682B03EEB200B18E2B /* SearchPathModel.swift in Sources */ = {isa = PBXBuildFile; fileRef = 8EAD4F672B03EEB200B18E2B /* SearchPathModel.swift */; };
		8EAD4F6A2B06791F00B18E2B /* SearchPathsView.swift in Sources */ = {isa = PBXBuildFile; fileRef = 8EAD4F692B06791F00B18E2B /* SearchPathsView.swift */; };
		8EAD4F6F2B06860200B18E2B /* DictionaryPicker.swift in Sources */ = {isa = PBXBuildFile; fileRef = 8EAD4F6E2B06860200B18E2B /* DictionaryPicker.swift */; };
		8EAD4F712B06885400B18E2B /* CommandMenuView.swift in Sources */ = {isa = PBXBuildFile; fileRef = 8EAD4F702B06885400B18E2B /* CommandMenuView.swift */; };
		8EAD4F732B06903000B18E2B /* AddPathButtonView.swift in Sources */ = {isa = PBXBuildFile; fileRef = 8EAD4F722B06903000B18E2B /* AddPathButtonView.swift */; };
		8EAD4F752B0697AF00B18E2B /* EmptyListView.swift in Sources */ = {isa = PBXBuildFile; fileRef = 8EAD4F742B0697AF00B18E2B /* EmptyListView.swift */; };
		8EC46E0C2A23821200F3AF79 /* GitCockpitApp.swift in Sources */ = {isa = PBXBuildFile; fileRef = 8EC46E0B2A23821200F3AF79 /* GitCockpitApp.swift */; };
		8EC46E132A23821200F3AF79 /* ContentView.swift in Sources */ = {isa = PBXBuildFile; fileRef = 8EC46E122A23821200F3AF79 /* ContentView.swift */; };
		8EC46E152A23821500F3AF79 /* Assets.xcassets in Resources */ = {isa = PBXBuildFile; fileRef = 8EC46E142A23821500F3AF79 /* Assets.xcassets */; };
		8EC46E192A23821500F3AF79 /* Preview Assets.xcassets in Resources */ = {isa = PBXBuildFile; fileRef = 8EC46E182A23821500F3AF79 /* Preview Assets.xcassets */; };
		8EC46E232A23821500F3AF79 /* GitCockpitTests.swift in Sources */ = {isa = PBXBuildFile; fileRef = 8EC46E222A23821500F3AF79 /* GitCockpitTests.swift */; };
		8EC46E2D2A23821500F3AF79 /* GitCockpitUITests.swift in Sources */ = {isa = PBXBuildFile; fileRef = 8EC46E2C2A23821500F3AF79 /* GitCockpitUITests.swift */; };
		8EC46E2F2A23821500F3AF79 /* GitCockpitUITestsLaunchTests.swift in Sources */ = {isa = PBXBuildFile; fileRef = 8EC46E2E2A23821500F3AF79 /* GitCockpitUITestsLaunchTests.swift */; };
		8EC46E3D2A23835000F3AF79 /* MainWindow.swift in Sources */ = {isa = PBXBuildFile; fileRef = 8EC46E3C2A23835000F3AF79 /* MainWindow.swift */; };
		8EC7026A2B08FAE300A6E2E2 /* GitHeadParser.swift in Sources */ = {isa = PBXBuildFile; fileRef = 8EC702692B08FAE300A6E2E2 /* GitHeadParser.swift */; };
		8EC7026E2B0A431100A6E2E2 /* Logging in Frameworks */ = {isa = PBXBuildFile; productRef = 8EC7026D2B0A431100A6E2E2 /* Logging */; };
		8EF4BB6D2B96F9A200AFAC40 /* Localizable.xcstrings in Resources */ = {isa = PBXBuildFile; fileRef = 8EF4BB6C2B96F9A200AFAC40 /* Localizable.xcstrings */; };
/* End PBXBuildFile section */

/* Begin PBXContainerItemProxy section */
		8EC46E1F2A23821500F3AF79 /* PBXContainerItemProxy */ = {
			isa = PBXContainerItemProxy;
			containerPortal = 8EC46E002A23821200F3AF79 /* Project object */;
			proxyType = 1;
			remoteGlobalIDString = 8EC46E072A23821200F3AF79;
			remoteInfo = GraphenAutomator;
		};
		8EC46E292A23821500F3AF79 /* PBXContainerItemProxy */ = {
			isa = PBXContainerItemProxy;
			containerPortal = 8EC46E002A23821200F3AF79 /* Project object */;
			proxyType = 1;
			remoteGlobalIDString = 8EC46E072A23821200F3AF79;
			remoteInfo = GraphenAutomator;
		};
/* End PBXContainerItemProxy section */

/* Begin PBXFileReference section */
		8E181F382B645B71000229C5 /* GlobalGitConfig.swift */ = {isa = PBXFileReference; lastKnownFileType = sourcecode.swift; path = GlobalGitConfig.swift; sourceTree = "<group>"; };
		8E181F3A2B645F8A000229C5 /* GitConfigView.swift */ = {isa = PBXFileReference; fileEncoding = 4; lastKnownFileType = sourcecode.swift; path = GitConfigView.swift; sourceTree = "<group>"; };
		8E18AEED2B77A27B0070C3ED /* RepoInspectorView.swift */ = {isa = PBXFileReference; lastKnownFileType = sourcecode.swift; path = RepoInspectorView.swift; sourceTree = "<group>"; };
		8E2299432B7DF5F500513007 /* GitChangelog.swift */ = {isa = PBXFileReference; lastKnownFileType = sourcecode.swift; path = GitChangelog.swift; sourceTree = "<group>"; };
		8E2AFC372A24EBEB00D12539 /* MainRectangleView.swift */ = {isa = PBXFileReference; lastKnownFileType = sourcecode.swift; path = MainRectangleView.swift; sourceTree = "<group>"; };
		8E415E902AFFBABF00F49FA9 /* SFSymbols.swift */ = {isa = PBXFileReference; lastKnownFileType = sourcecode.swift; path = SFSymbols.swift; sourceTree = "<group>"; };
		8E53E0B52AE2A400003D22CF /* RepositoyModel.swift */ = {isa = PBXFileReference; lastKnownFileType = sourcecode.swift; path = RepositoyModel.swift; sourceTree = "<group>"; };
		8E53E0B72AE2C29E003D22CF /* ProcessHandler.swift */ = {isa = PBXFileReference; lastKnownFileType = sourcecode.swift; path = ProcessHandler.swift; sourceTree = "<group>"; };
		8E5829122B9783AE00F6D0E7 /* .gitignore */ = {isa = PBXFileReference; fileEncoding = 4; lastKnownFileType = text; path = .gitignore; sourceTree = "<group>"; };
		8E5829152B978A5F00F6D0E7 /* ThemeMode.swift */ = {isa = PBXFileReference; lastKnownFileType = sourcecode.swift; path = ThemeMode.swift; sourceTree = "<group>"; };
		8E5BAB092AFFAEC000DA6350 /* SplashScreenView.swift */ = {isa = PBXFileReference; lastKnownFileType = sourcecode.swift; path = SplashScreenView.swift; sourceTree = "<group>"; };
		8E6574E92AE16BD90047ACFD /* NavigationManager.swift */ = {isa = PBXFileReference; lastKnownFileType = sourcecode.swift; path = NavigationManager.swift; sourceTree = "<group>"; };
		8E6E0C7D2AEEBEEF00B1A013 /* ToolbarView.swift */ = {isa = PBXFileReference; lastKnownFileType = sourcecode.swift; path = ToolbarView.swift; sourceTree = "<group>"; };
		8E7DB4862ADFBD4100F4EAB7 /* SettingsBarView.swift */ = {isa = PBXFileReference; lastKnownFileType = sourcecode.swift; path = SettingsBarView.swift; sourceTree = "<group>"; };
		8E8DC4B72AE4FF75002D2C5A /* FileUtils.swift */ = {isa = PBXFileReference; lastKnownFileType = sourcecode.swift; path = FileUtils.swift; sourceTree = "<group>"; };
		8E8DC4BB2AE50D31002D2C5A /* GitRepoHandler.swift */ = {isa = PBXFileReference; lastKnownFileType = sourcecode.swift; path = GitRepoHandler.swift; sourceTree = "<group>"; };
		8E8DC4C02AE65C8F002D2C5A /* HamburgerMenuView.swift */ = {isa = PBXFileReference; lastKnownFileType = sourcecode.swift; path = HamburgerMenuView.swift; sourceTree = "<group>"; };
		8E8DC4C22AE67B2A002D2C5A /* SingleCellView.swift */ = {isa = PBXFileReference; lastKnownFileType = sourcecode.swift; path = SingleCellView.swift; sourceTree = "<group>"; };
		8E8DC4C52AE68065002D2C5A /* GitConfig.swift */ = {isa = PBXFileReference; lastKnownFileType = sourcecode.swift; path = GitConfig.swift; sourceTree = "<group>"; };
		8E93264B2AE15ABA00DFE0D9 /* RepoGridView.swift */ = {isa = PBXFileReference; lastKnownFileType = sourcecode.swift; path = RepoGridView.swift; sourceTree = "<group>"; };
		8E993A632B9B597000C68DDD /* SingleSearchPathView.swift */ = {isa = PBXFileReference; lastKnownFileType = sourcecode.swift; path = SingleSearchPathView.swift; sourceTree = "<group>"; };
		8E9987452AE3B58B00145820 /* SidebarView.swift */ = {isa = PBXFileReference; lastKnownFileType = sourcecode.swift; path = SidebarView.swift; sourceTree = "<group>"; };
		8E9987472AE3C32600145820 /* SidebarItems.swift */ = {isa = PBXFileReference; lastKnownFileType = sourcecode.swift; path = SidebarItems.swift; sourceTree = "<group>"; };
		8EAD4F672B03EEB200B18E2B /* SearchPathModel.swift */ = {isa = PBXFileReference; lastKnownFileType = sourcecode.swift; path = SearchPathModel.swift; sourceTree = "<group>"; };
		8EAD4F692B06791F00B18E2B /* SearchPathsView.swift */ = {isa = PBXFileReference; lastKnownFileType = sourcecode.swift; path = SearchPathsView.swift; sourceTree = "<group>"; };
		8EAD4F6E2B06860200B18E2B /* DictionaryPicker.swift */ = {isa = PBXFileReference; lastKnownFileType = sourcecode.swift; path = DictionaryPicker.swift; sourceTree = "<group>"; };
		8EAD4F702B06885400B18E2B /* CommandMenuView.swift */ = {isa = PBXFileReference; lastKnownFileType = sourcecode.swift; path = CommandMenuView.swift; sourceTree = "<group>"; };
		8EAD4F722B06903000B18E2B /* AddPathButtonView.swift */ = {isa = PBXFileReference; lastKnownFileType = sourcecode.swift; path = AddPathButtonView.swift; sourceTree = "<group>"; };
		8EAD4F742B0697AF00B18E2B /* EmptyListView.swift */ = {isa = PBXFileReference; lastKnownFileType = sourcecode.swift; path = EmptyListView.swift; sourceTree = "<group>"; };
		8EC46E082A23821200F3AF79 /* Git Cockpit.app */ = {isa = PBXFileReference; explicitFileType = wrapper.application; includeInIndex = 0; path = "Git Cockpit.app"; sourceTree = BUILT_PRODUCTS_DIR; };
		8EC46E0B2A23821200F3AF79 /* GitCockpitApp.swift */ = {isa = PBXFileReference; lastKnownFileType = sourcecode.swift; path = GitCockpitApp.swift; sourceTree = "<group>"; };
		8EC46E122A23821200F3AF79 /* ContentView.swift */ = {isa = PBXFileReference; lastKnownFileType = sourcecode.swift; path = ContentView.swift; sourceTree = "<group>"; };
		8EC46E142A23821500F3AF79 /* Assets.xcassets */ = {isa = PBXFileReference; lastKnownFileType = folder.assetcatalog; path = Assets.xcassets; sourceTree = "<group>"; };
		8EC46E182A23821500F3AF79 /* Preview Assets.xcassets */ = {isa = PBXFileReference; lastKnownFileType = folder.assetcatalog; path = "Preview Assets.xcassets"; sourceTree = "<group>"; };
		8EC46E1E2A23821500F3AF79 /* Git CockpitTests.xctest */ = {isa = PBXFileReference; explicitFileType = wrapper.cfbundle; includeInIndex = 0; path = "Git CockpitTests.xctest"; sourceTree = BUILT_PRODUCTS_DIR; };
		8EC46E222A23821500F3AF79 /* GitCockpitTests.swift */ = {isa = PBXFileReference; lastKnownFileType = sourcecode.swift; path = GitCockpitTests.swift; sourceTree = "<group>"; };
		8EC46E282A23821500F3AF79 /* Git CockpitUITests.xctest */ = {isa = PBXFileReference; explicitFileType = wrapper.cfbundle; includeInIndex = 0; path = "Git CockpitUITests.xctest"; sourceTree = BUILT_PRODUCTS_DIR; };
		8EC46E2C2A23821500F3AF79 /* GitCockpitUITests.swift */ = {isa = PBXFileReference; lastKnownFileType = sourcecode.swift; path = GitCockpitUITests.swift; sourceTree = "<group>"; };
		8EC46E2E2A23821500F3AF79 /* GitCockpitUITestsLaunchTests.swift */ = {isa = PBXFileReference; lastKnownFileType = sourcecode.swift; path = GitCockpitUITestsLaunchTests.swift; sourceTree = "<group>"; };
		8EC46E3C2A23835000F3AF79 /* MainWindow.swift */ = {isa = PBXFileReference; lastKnownFileType = sourcecode.swift; path = MainWindow.swift; sourceTree = "<group>"; };
		8EC702692B08FAE300A6E2E2 /* GitHeadParser.swift */ = {isa = PBXFileReference; lastKnownFileType = sourcecode.swift; path = GitHeadParser.swift; sourceTree = "<group>"; };
		8ECDE3D52AE2C92100A74341 /* GitCockpit.entitlements */ = {isa = PBXFileReference; fileEncoding = 4; lastKnownFileType = text.plist.entitlements; path = GitCockpit.entitlements; sourceTree = "<group>"; };
		8EF4BB6C2B96F9A200AFAC40 /* Localizable.xcstrings */ = {isa = PBXFileReference; lastKnownFileType = text.json.xcstrings; path = Localizable.xcstrings; sourceTree = "<group>"; };
/* End PBXFileReference section */

/* Begin PBXFrameworksBuildPhase section */
		8EC46E052A23821200F3AF79 /* Frameworks */ = {
			isa = PBXFrameworksBuildPhase;
			buildActionMask = 2147483647;
			files = (
				8EC7026E2B0A431100A6E2E2 /* Logging in Frameworks */,
			);
			runOnlyForDeploymentPostprocessing = 0;
		};
		8EC46E1B2A23821500F3AF79 /* Frameworks */ = {
			isa = PBXFrameworksBuildPhase;
			buildActionMask = 2147483647;
			files = (
			);
			runOnlyForDeploymentPostprocessing = 0;
		};
		8EC46E252A23821500F3AF79 /* Frameworks */ = {
			isa = PBXFrameworksBuildPhase;
			buildActionMask = 2147483647;
			files = (
			);
			runOnlyForDeploymentPostprocessing = 0;
		};
/* End PBXFrameworksBuildPhase section */

/* Begin PBXGroup section */
		8E2AFC362A24EBBD00D12539 /* MainWindow */ = {
			isa = PBXGroup;
			children = (
				8EC46E3C2A23835000F3AF79 /* MainWindow.swift */,
				8E2AFC372A24EBEB00D12539 /* MainRectangleView.swift */,
			);
			path = MainWindow;
			sourceTree = "<group>";
		};
		8E415E8F2AFFBA7900F49FA9 /* Essentials */ = {
			isa = PBXGroup;
			children = (
				8E6036462B0D2B7500B63587 /* Extensions */,
				8E415E902AFFBABF00F49FA9 /* SFSymbols.swift */,
			);
			path = Essentials;
			sourceTree = "<group>";
		};
		8E53E0B42AE2A3D8003D22CF /* Models */ = {
			isa = PBXGroup;
			children = (
				8EC7026B2B08FAEE00A6E2E2 /* Git HEAD Parser */,
				8E8DC4C42AE67FD1002D2C5A /* Git Config Parser */,
				8E53E0B52AE2A400003D22CF /* RepositoyModel.swift */,
				8E53E0B72AE2C29E003D22CF /* ProcessHandler.swift */,
				8E8DC4B72AE4FF75002D2C5A /* FileUtils.swift */,
				8E8DC4BB2AE50D31002D2C5A /* GitRepoHandler.swift */,
				8EAD4F672B03EEB200B18E2B /* SearchPathModel.swift */,
				8E181F382B645B71000229C5 /* GlobalGitConfig.swift */,
				8E2299432B7DF5F500513007 /* GitChangelog.swift */,
			);
			path = Models;
			sourceTree = "<group>";
		};
		8E5829142B9789E100F6D0E7 /* Enumerable */ = {
			isa = PBXGroup;
			children = (
				8E5829152B978A5F00F6D0E7 /* ThemeMode.swift */,
			);
			path = Enumerable;
			sourceTree = "<group>";
		};
		8E5BAB082AFFAE1500DA6350 /* SplashScreen */ = {
			isa = PBXGroup;
			children = (
				8E5BAB092AFFAEC000DA6350 /* SplashScreenView.swift */,
			);
			path = SplashScreen;
			sourceTree = "<group>";
		};
		8E6036462B0D2B7500B63587 /* Extensions */ = {
			isa = PBXGroup;
			children = (
			);
			path = Extensions;
			sourceTree = "<group>";
		};
		8E6574E82AE16BB20047ACFD /* NavigationManager */ = {
			isa = PBXGroup;
			children = (
				8E9987472AE3C32600145820 /* SidebarItems.swift */,
				8E181F3A2B645F8A000229C5 /* GitConfigView.swift */,
				8E6E0C7D2AEEBEEF00B1A013 /* ToolbarView.swift */,
				8EC702662B08F65700A6E2E2 /* SearchPaths */,
				8E7DB4862ADFBD4100F4EAB7 /* SettingsBarView.swift */,
				8E6574E92AE16BD90047ACFD /* NavigationManager.swift */,
				8E9987452AE3B58B00145820 /* SidebarView.swift */,
			);
			path = NavigationManager;
			sourceTree = "<group>";
		};
		8E7F7DD72B9854680060CFE6 /* MenuBar */ = {
			isa = PBXGroup;
			children = (
				8EAD4F702B06885400B18E2B /* CommandMenuView.swift */,
				8EAD4F722B06903000B18E2B /* AddPathButtonView.swift */,
			);
			path = MenuBar;
			sourceTree = "<group>";
		};
		8E8DC4BF2AE65C5F002D2C5A /* SingleRepoViews */ = {
			isa = PBXGroup;
			children = (
				8E8DC4C02AE65C8F002D2C5A /* HamburgerMenuView.swift */,
				8E8DC4C22AE67B2A002D2C5A /* SingleCellView.swift */,
			);
			path = SingleRepoViews;
			sourceTree = "<group>";
		};
		8E8DC4C42AE67FD1002D2C5A /* Git Config Parser */ = {
			isa = PBXGroup;
			children = (
				8E8DC4C52AE68065002D2C5A /* GitConfig.swift */,
			);
			path = "Git Config Parser";
			sourceTree = "<group>";
		};
		8EAD4F6D2B0685D500B18E2B /* Utility */ = {
			isa = PBXGroup;
			children = (
				8EAD4F6E2B06860200B18E2B /* DictionaryPicker.swift */,
			);
			path = Utility;
			sourceTree = "<group>";
		};
		8EC46DFF2A23821200F3AF79 = {
			isa = PBXGroup;
			children = (
				8E5829122B9783AE00F6D0E7 /* .gitignore */,
				8EC46E122A23821200F3AF79 /* ContentView.swift */,
				8EC46E0B2A23821200F3AF79 /* GitCockpitApp.swift */,
				8EC46E0A2A23821200F3AF79 /* GitCockpit */,
				8EC46E212A23821500F3AF79 /* GitCockpitTests */,
				8EC46E2B2A23821500F3AF79 /* GitCockpitUITests */,
				8EC46E092A23821200F3AF79 /* Products */,
			);
			sourceTree = "<group>";
		};
		8EC46E092A23821200F3AF79 /* Products */ = {
			isa = PBXGroup;
			children = (
				8EC46E082A23821200F3AF79 /* Git Cockpit.app */,
				8EC46E1E2A23821500F3AF79 /* Git CockpitTests.xctest */,
				8EC46E282A23821500F3AF79 /* Git CockpitUITests.xctest */,
			);
			name = Products;
			sourceTree = "<group>";
		};
		8EC46E0A2A23821200F3AF79 /* GitCockpit */ = {
			isa = PBXGroup;
			children = (
				8E7F7DD72B9854680060CFE6 /* MenuBar */,
				8EF4BB6B2B96F95D00AFAC40 /* LanguageCatalogs */,
				8ECDE3D52AE2C92100A74341 /* GitCockpit.entitlements */,
				8EC46E142A23821500F3AF79 /* Assets.xcassets */,
				8E415E8F2AFFBA7900F49FA9 /* Essentials */,
				8E53E0B42AE2A3D8003D22CF /* Models */,
				8EC46E172A23821500F3AF79 /* Preview Content */,
				8EC46E3B2A23831B00F3AF79 /* Views */,
			);
			path = GitCockpit;
			sourceTree = "<group>";
		};
		8EC46E172A23821500F3AF79 /* Preview Content */ = {
			isa = PBXGroup;
			children = (
				8EC46E182A23821500F3AF79 /* Preview Assets.xcassets */,
			);
			path = "Preview Content";
			sourceTree = "<group>";
		};
		8EC46E212A23821500F3AF79 /* GitCockpitTests */ = {
			isa = PBXGroup;
			children = (
				8EC46E222A23821500F3AF79 /* GitCockpitTests.swift */,
			);
			path = GitCockpitTests;
			sourceTree = "<group>";
		};
		8EC46E2B2A23821500F3AF79 /* GitCockpitUITests */ = {
			isa = PBXGroup;
			children = (
				8EC46E2C2A23821500F3AF79 /* GitCockpitUITests.swift */,
				8EC46E2E2A23821500F3AF79 /* GitCockpitUITestsLaunchTests.swift */,
			);
			path = GitCockpitUITests;
			sourceTree = "<group>";
		};
		8EC46E3B2A23831B00F3AF79 /* Views */ = {
			isa = PBXGroup;
			children = (
				8E5829142B9789E100F6D0E7 /* Enumerable */,
				8EAD4F6D2B0685D500B18E2B /* Utility */,
				8E5BAB082AFFAE1500DA6350 /* SplashScreen */,
				8E8DC4BF2AE65C5F002D2C5A /* SingleRepoViews */,
				8E6574E82AE16BB20047ACFD /* NavigationManager */,
				8E2AFC362A24EBBD00D12539 /* MainWindow */,
				8E93264B2AE15ABA00DFE0D9 /* RepoGridView.swift */,
				8EAD4F742B0697AF00B18E2B /* EmptyListView.swift */,
				8E18AEED2B77A27B0070C3ED /* RepoInspectorView.swift */,
			);
			path = Views;
			sourceTree = "<group>";
		};
		8EC702662B08F65700A6E2E2 /* SearchPaths */ = {
			isa = PBXGroup;
			children = (
				8EAD4F692B06791F00B18E2B /* SearchPathsView.swift */,
				8E993A632B9B597000C68DDD /* SingleSearchPathView.swift */,
			);
			path = SearchPaths;
			sourceTree = "<group>";
		};
		8EC7026B2B08FAEE00A6E2E2 /* Git HEAD Parser */ = {
			isa = PBXGroup;
			children = (
				8EC702692B08FAE300A6E2E2 /* GitHeadParser.swift */,
			);
			path = "Git HEAD Parser";
			sourceTree = "<group>";
		};
		8EF4BB6B2B96F95D00AFAC40 /* LanguageCatalogs */ = {
			isa = PBXGroup;
			children = (
				8EF4BB6C2B96F9A200AFAC40 /* Localizable.xcstrings */,
			);
			path = LanguageCatalogs;
			sourceTree = "<group>";
		};
/* End PBXGroup section */

/* Begin PBXNativeTarget section */
		8EC46E072A23821200F3AF79 /* Git Cockpit */ = {
			isa = PBXNativeTarget;
			buildConfigurationList = 8EC46E322A23821500F3AF79 /* Build configuration list for PBXNativeTarget "Git Cockpit" */;
			buildPhases = (
				8EC46E042A23821200F3AF79 /* Sources */,
				8EC46E052A23821200F3AF79 /* Frameworks */,
				8EC46E062A23821200F3AF79 /* Resources */,
				8E6E0C7F2AEED4F700B1A013 /* ShellScript */,
			);
			buildRules = (
			);
			dependencies = (
				8E6E0C822AEED6FE00B1A013 /* PBXTargetDependency */,
			);
			name = "Git Cockpit";
			packageProductDependencies = (
				8EC7026D2B0A431100A6E2E2 /* Logging */,
			);
			productName = GraphenAutomator;
			productReference = 8EC46E082A23821200F3AF79 /* Git Cockpit.app */;
			productType = "com.apple.product-type.application";
		};
		8EC46E1D2A23821500F3AF79 /* Git CockpitTests */ = {
			isa = PBXNativeTarget;
			buildConfigurationList = 8EC46E352A23821500F3AF79 /* Build configuration list for PBXNativeTarget "Git CockpitTests" */;
			buildPhases = (
				8EC46E1A2A23821500F3AF79 /* Sources */,
				8EC46E1B2A23821500F3AF79 /* Frameworks */,
				8EC46E1C2A23821500F3AF79 /* Resources */,
			);
			buildRules = (
			);
			dependencies = (
				8EC46E202A23821500F3AF79 /* PBXTargetDependency */,
			);
			name = "Git CockpitTests";
			productName = GraphenAutomatorTests;
			productReference = 8EC46E1E2A23821500F3AF79 /* Git CockpitTests.xctest */;
			productType = "com.apple.product-type.bundle.unit-test";
		};
		8EC46E272A23821500F3AF79 /* Git CockpitUITests */ = {
			isa = PBXNativeTarget;
			buildConfigurationList = 8EC46E382A23821500F3AF79 /* Build configuration list for PBXNativeTarget "Git CockpitUITests" */;
			buildPhases = (
				8EC46E242A23821500F3AF79 /* Sources */,
				8EC46E252A23821500F3AF79 /* Frameworks */,
				8EC46E262A23821500F3AF79 /* Resources */,
			);
			buildRules = (
			);
			dependencies = (
				8EC46E2A2A23821500F3AF79 /* PBXTargetDependency */,
			);
			name = "Git CockpitUITests";
			productName = GraphenAutomatorUITests;
			productReference = 8EC46E282A23821500F3AF79 /* Git CockpitUITests.xctest */;
			productType = "com.apple.product-type.bundle.ui-testing";
		};
/* End PBXNativeTarget section */

/* Begin PBXProject section */
		8EC46E002A23821200F3AF79 /* Project object */ = {
			isa = PBXProject;
			attributes = {
				BuildIndependentTargetsInParallel = 1;
				LastSwiftUpdateCheck = 1430;
				LastUpgradeCheck = 1530;
				TargetAttributes = {
					8EC46E072A23821200F3AF79 = {
						CreatedOnToolsVersion = 14.3;
					};
					8EC46E1D2A23821500F3AF79 = {
						CreatedOnToolsVersion = 14.3;
						TestTargetID = 8EC46E072A23821200F3AF79;
					};
					8EC46E272A23821500F3AF79 = {
						CreatedOnToolsVersion = 14.3;
						TestTargetID = 8EC46E072A23821200F3AF79;
					};
				};
			};
			buildConfigurationList = 8EC46E032A23821200F3AF79 /* Build configuration list for PBXProject "Git Cockpit" */;
			compatibilityVersion = "Xcode 14.0";
			developmentRegion = en;
			hasScannedForEncodings = 0;
			knownRegions = (
				en,
				Base,
				de,
			);
			mainGroup = 8EC46DFF2A23821200F3AF79;
			packageReferences = (
				8E6E0C802AEED69300B1A013 /* XCRemoteSwiftPackageReference "SwiftLint" */,
				8EC7026C2B0A431000A6E2E2 /* XCRemoteSwiftPackageReference "swift-log" */,
			);
			productRefGroup = 8EC46E092A23821200F3AF79 /* Products */;
			projectDirPath = "";
			projectRoot = "";
			targets = (
				8EC46E072A23821200F3AF79 /* Git Cockpit */,
				8EC46E1D2A23821500F3AF79 /* Git CockpitTests */,
				8EC46E272A23821500F3AF79 /* Git CockpitUITests */,
			);
		};
/* End PBXProject section */

/* Begin PBXResourcesBuildPhase section */
		8EC46E062A23821200F3AF79 /* Resources */ = {
			isa = PBXResourcesBuildPhase;
			buildActionMask = 2147483647;
			files = (
				8E5829132B9783AE00F6D0E7 /* .gitignore in Resources */,
				8EC46E192A23821500F3AF79 /* Preview Assets.xcassets in Resources */,
				8EF4BB6D2B96F9A200AFAC40 /* Localizable.xcstrings in Resources */,
				8EC46E152A23821500F3AF79 /* Assets.xcassets in Resources */,
			);
			runOnlyForDeploymentPostprocessing = 0;
		};
		8EC46E1C2A23821500F3AF79 /* Resources */ = {
			isa = PBXResourcesBuildPhase;
			buildActionMask = 2147483647;
			files = (
			);
			runOnlyForDeploymentPostprocessing = 0;
		};
		8EC46E262A23821500F3AF79 /* Resources */ = {
			isa = PBXResourcesBuildPhase;
			buildActionMask = 2147483647;
			files = (
			);
			runOnlyForDeploymentPostprocessing = 0;
		};
/* End PBXResourcesBuildPhase section */

/* Begin PBXShellScriptBuildPhase section */
		8E6E0C7F2AEED4F700B1A013 /* ShellScript */ = {
			isa = PBXShellScriptBuildPhase;
			buildActionMask = 2147483647;
			files = (
			);
			inputFileListPaths = (
			);
			inputPaths = (
			);
			outputFileListPaths = (
			);
			outputPaths = (
			);
			runOnlyForDeploymentPostprocessing = 0;
			shellPath = /bin/zsh;
			shellScript = "# Type a script or drag a script file from your workspace to insert its path.\nif [[ \"$(uname -m)\" == arm64 ]]; then\n    export PATH=\"/opt/homebrew/bin:$PATH\"\nfi\n\nif which swiftlint > /dev/null; then\n  swiftlint\nelse\n  echo \"warning: SwiftLint not installed, download from https://github.com/realm/SwiftLint\"\nfi\n";
		};
/* End PBXShellScriptBuildPhase section */

/* Begin PBXSourcesBuildPhase section */
		8EC46E042A23821200F3AF79 /* Sources */ = {
			isa = PBXSourcesBuildPhase;
			buildActionMask = 2147483647;
			files = (
				8EAD4F732B06903000B18E2B /* AddPathButtonView.swift in Sources */,
				8E8DC4C62AE68065002D2C5A /* GitConfig.swift in Sources */,
				8E5829162B978A5F00F6D0E7 /* ThemeMode.swift in Sources */,
				8E9987462AE3B58B00145820 /* SidebarView.swift in Sources */,
				8EAD4F6A2B06791F00B18E2B /* SearchPathsView.swift in Sources */,
				8EC46E0C2A23821200F3AF79 /* GitCockpitApp.swift in Sources */,
				8E6574EA2AE16BD90047ACFD /* NavigationManager.swift in Sources */,
				8E8DC4C12AE65C8F002D2C5A /* HamburgerMenuView.swift in Sources */,
				8E8DC4C32AE67B2A002D2C5A /* SingleCellView.swift in Sources */,
				8E8DC4B82AE4FF75002D2C5A /* FileUtils.swift in Sources */,
				8EC46E3D2A23835000F3AF79 /* MainWindow.swift in Sources */,
				8E53E0B82AE2C29E003D22CF /* ProcessHandler.swift in Sources */,
				8E9987482AE3C32600145820 /* SidebarItems.swift in Sources */,
				8EAD4F6F2B06860200B18E2B /* DictionaryPicker.swift in Sources */,
				8E8DC4BC2AE50D31002D2C5A /* GitRepoHandler.swift in Sources */,
				8E181F392B645B71000229C5 /* GlobalGitConfig.swift in Sources */,
				8E18AEEE2B77A27B0070C3ED /* RepoInspectorView.swift in Sources */,
				8E5BAB0A2AFFAEC000DA6350 /* SplashScreenView.swift in Sources */,
				8E2299442B7DF5F500513007 /* GitChangelog.swift in Sources */,
				8EAD4F682B03EEB200B18E2B /* SearchPathModel.swift in Sources */,
				8E53E0B62AE2A400003D22CF /* RepositoyModel.swift in Sources */,
				8E993A642B9B597000C68DDD /* SingleSearchPathView.swift in Sources */,
				8E181F3B2B645F8A000229C5 /* GitConfigView.swift in Sources */,
				8EAD4F752B0697AF00B18E2B /* EmptyListView.swift in Sources */,
				8E2AFC382A24EBEB00D12539 /* MainRectangleView.swift in Sources */,
				8E93264C2AE15ABA00DFE0D9 /* RepoGridView.swift in Sources */,
				8E6E0C7E2AEEBEEF00B1A013 /* ToolbarView.swift in Sources */,
				8EAD4F712B06885400B18E2B /* CommandMenuView.swift in Sources */,
				8EC46E132A23821200F3AF79 /* ContentView.swift in Sources */,
				8EC7026A2B08FAE300A6E2E2 /* GitHeadParser.swift in Sources */,
				8E7DB4872ADFBD4100F4EAB7 /* SettingsBarView.swift in Sources */,
				8E415E912AFFBABF00F49FA9 /* SFSymbols.swift in Sources */,
			);
			runOnlyForDeploymentPostprocessing = 0;
		};
		8EC46E1A2A23821500F3AF79 /* Sources */ = {
			isa = PBXSourcesBuildPhase;
			buildActionMask = 2147483647;
			files = (
				8EC46E232A23821500F3AF79 /* GitCockpitTests.swift in Sources */,
			);
			runOnlyForDeploymentPostprocessing = 0;
		};
		8EC46E242A23821500F3AF79 /* Sources */ = {
			isa = PBXSourcesBuildPhase;
			buildActionMask = 2147483647;
			files = (
				8EC46E2D2A23821500F3AF79 /* GitCockpitUITests.swift in Sources */,
				8EC46E2F2A23821500F3AF79 /* GitCockpitUITestsLaunchTests.swift in Sources */,
			);
			runOnlyForDeploymentPostprocessing = 0;
		};
/* End PBXSourcesBuildPhase section */

/* Begin PBXTargetDependency section */
		8E6E0C822AEED6FE00B1A013 /* PBXTargetDependency */ = {
			isa = PBXTargetDependency;
			productRef = 8E6E0C812AEED6FE00B1A013 /* SwiftLintPlugin */;
		};
		8EC46E202A23821500F3AF79 /* PBXTargetDependency */ = {
			isa = PBXTargetDependency;
			target = 8EC46E072A23821200F3AF79 /* Git Cockpit */;
			targetProxy = 8EC46E1F2A23821500F3AF79 /* PBXContainerItemProxy */;
		};
		8EC46E2A2A23821500F3AF79 /* PBXTargetDependency */ = {
			isa = PBXTargetDependency;
			target = 8EC46E072A23821200F3AF79 /* Git Cockpit */;
			targetProxy = 8EC46E292A23821500F3AF79 /* PBXContainerItemProxy */;
		};
/* End PBXTargetDependency section */

/* Begin XCBuildConfiguration section */
		8EC46E302A23821500F3AF79 /* Debug */ = {
			isa = XCBuildConfiguration;
			buildSettings = {
				ALWAYS_SEARCH_USER_PATHS = NO;
				ASSETCATALOG_COMPILER_GENERATE_SWIFT_ASSET_SYMBOL_EXTENSIONS = YES;
				CLANG_ANALYZER_LOCALIZABILITY_NONLOCALIZED = YES;
				CLANG_ANALYZER_NONNULL = YES;
				CLANG_ANALYZER_NUMBER_OBJECT_CONVERSION = YES_AGGRESSIVE;
				CLANG_CXX_LANGUAGE_STANDARD = "gnu++20";
				CLANG_ENABLE_MODULES = YES;
				CLANG_ENABLE_OBJC_ARC = YES;
				CLANG_ENABLE_OBJC_WEAK = YES;
				CLANG_WARN_BLOCK_CAPTURE_AUTORELEASING = YES;
				CLANG_WARN_BOOL_CONVERSION = YES;
				CLANG_WARN_COMMA = YES;
				CLANG_WARN_CONSTANT_CONVERSION = YES;
				CLANG_WARN_DEPRECATED_OBJC_IMPLEMENTATIONS = YES;
				CLANG_WARN_DIRECT_OBJC_ISA_USAGE = YES_ERROR;
				CLANG_WARN_DOCUMENTATION_COMMENTS = YES;
				CLANG_WARN_EMPTY_BODY = YES;
				CLANG_WARN_ENUM_CONVERSION = YES;
				CLANG_WARN_INFINITE_RECURSION = YES;
				CLANG_WARN_INT_CONVERSION = YES;
				CLANG_WARN_NON_LITERAL_NULL_CONVERSION = YES;
				CLANG_WARN_OBJC_IMPLICIT_RETAIN_SELF = YES;
				CLANG_WARN_OBJC_LITERAL_CONVERSION = YES;
				CLANG_WARN_OBJC_ROOT_CLASS = YES_ERROR;
				CLANG_WARN_QUOTED_INCLUDE_IN_FRAMEWORK_HEADER = YES;
				CLANG_WARN_RANGE_LOOP_ANALYSIS = YES;
				CLANG_WARN_STRICT_PROTOTYPES = YES;
				CLANG_WARN_SUSPICIOUS_MOVE = YES;
				CLANG_WARN_UNGUARDED_AVAILABILITY = YES_AGGRESSIVE;
				CLANG_WARN_UNREACHABLE_CODE = YES;
				CLANG_WARN__DUPLICATE_METHOD_MATCH = YES;
				COPY_PHASE_STRIP = NO;
				DEAD_CODE_STRIPPING = YES;
				DEBUG_INFORMATION_FORMAT = dwarf;
				ENABLE_STRICT_OBJC_MSGSEND = YES;
				ENABLE_TESTABILITY = YES;
				ENABLE_USER_SCRIPT_SANDBOXING = NO;
				GCC_C_LANGUAGE_STANDARD = gnu11;
				GCC_DYNAMIC_NO_PIC = NO;
				GCC_NO_COMMON_BLOCKS = YES;
				GCC_OPTIMIZATION_LEVEL = 0;
				GCC_PREPROCESSOR_DEFINITIONS = (
					"DEBUG=1",
					"$(inherited)",
				);
				GCC_WARN_64_TO_32_BIT_CONVERSION = YES;
				GCC_WARN_ABOUT_RETURN_TYPE = YES_ERROR;
				GCC_WARN_UNDECLARED_SELECTOR = YES;
				GCC_WARN_UNINITIALIZED_AUTOS = YES_AGGRESSIVE;
				GCC_WARN_UNUSED_FUNCTION = YES;
				GCC_WARN_UNUSED_VARIABLE = YES;
				IPHONEOS_DEPLOYMENT_TARGET = 17.0;
				MACOSX_DEPLOYMENT_TARGET = 14.0;
				MTL_ENABLE_DEBUG_INFO = INCLUDE_SOURCE;
				MTL_FAST_MATH = YES;
				ONLY_ACTIVE_ARCH = YES;
				SWIFT_ACTIVE_COMPILATION_CONDITIONS = DEBUG;
				SWIFT_OPTIMIZATION_LEVEL = "-Onone";
			};
			name = Debug;
		};
		8EC46E312A23821500F3AF79 /* Release */ = {
			isa = XCBuildConfiguration;
			buildSettings = {
				ALWAYS_SEARCH_USER_PATHS = NO;
				ASSETCATALOG_COMPILER_GENERATE_SWIFT_ASSET_SYMBOL_EXTENSIONS = YES;
				CLANG_ANALYZER_LOCALIZABILITY_NONLOCALIZED = YES;
				CLANG_ANALYZER_NONNULL = YES;
				CLANG_ANALYZER_NUMBER_OBJECT_CONVERSION = YES_AGGRESSIVE;
				CLANG_CXX_LANGUAGE_STANDARD = "gnu++20";
				CLANG_ENABLE_MODULES = YES;
				CLANG_ENABLE_OBJC_ARC = YES;
				CLANG_ENABLE_OBJC_WEAK = YES;
				CLANG_WARN_BLOCK_CAPTURE_AUTORELEASING = YES;
				CLANG_WARN_BOOL_CONVERSION = YES;
				CLANG_WARN_COMMA = YES;
				CLANG_WARN_CONSTANT_CONVERSION = YES;
				CLANG_WARN_DEPRECATED_OBJC_IMPLEMENTATIONS = YES;
				CLANG_WARN_DIRECT_OBJC_ISA_USAGE = YES_ERROR;
				CLANG_WARN_DOCUMENTATION_COMMENTS = YES;
				CLANG_WARN_EMPTY_BODY = YES;
				CLANG_WARN_ENUM_CONVERSION = YES;
				CLANG_WARN_INFINITE_RECURSION = YES;
				CLANG_WARN_INT_CONVERSION = YES;
				CLANG_WARN_NON_LITERAL_NULL_CONVERSION = YES;
				CLANG_WARN_OBJC_IMPLICIT_RETAIN_SELF = YES;
				CLANG_WARN_OBJC_LITERAL_CONVERSION = YES;
				CLANG_WARN_OBJC_ROOT_CLASS = YES_ERROR;
				CLANG_WARN_QUOTED_INCLUDE_IN_FRAMEWORK_HEADER = YES;
				CLANG_WARN_RANGE_LOOP_ANALYSIS = YES;
				CLANG_WARN_STRICT_PROTOTYPES = YES;
				CLANG_WARN_SUSPICIOUS_MOVE = YES;
				CLANG_WARN_UNGUARDED_AVAILABILITY = YES_AGGRESSIVE;
				CLANG_WARN_UNREACHABLE_CODE = YES;
				CLANG_WARN__DUPLICATE_METHOD_MATCH = YES;
				COPY_PHASE_STRIP = NO;
				DEAD_CODE_STRIPPING = YES;
				DEBUG_INFORMATION_FORMAT = "dwarf-with-dsym";
				ENABLE_NS_ASSERTIONS = NO;
				ENABLE_STRICT_OBJC_MSGSEND = YES;
				ENABLE_TESTABILITY = YES;
				ENABLE_USER_SCRIPT_SANDBOXING = NO;
				GCC_C_LANGUAGE_STANDARD = gnu11;
				GCC_NO_COMMON_BLOCKS = YES;
				GCC_WARN_64_TO_32_BIT_CONVERSION = YES;
				GCC_WARN_ABOUT_RETURN_TYPE = YES_ERROR;
				GCC_WARN_UNDECLARED_SELECTOR = YES;
				GCC_WARN_UNINITIALIZED_AUTOS = YES_AGGRESSIVE;
				GCC_WARN_UNUSED_FUNCTION = YES;
				GCC_WARN_UNUSED_VARIABLE = YES;
				IPHONEOS_DEPLOYMENT_TARGET = 17.0;
				MACOSX_DEPLOYMENT_TARGET = 14.0;
				MTL_ENABLE_DEBUG_INFO = NO;
				MTL_FAST_MATH = YES;
				SWIFT_COMPILATION_MODE = wholemodule;
				SWIFT_OPTIMIZATION_LEVEL = "-O";
			};
			name = Release;
		};
		8EC46E332A23821500F3AF79 /* Debug */ = {
			isa = XCBuildConfiguration;
			buildSettings = {
				ASSETCATALOG_COMPILER_APPICON_NAME = AppIcon;
				ASSETCATALOG_COMPILER_GLOBAL_ACCENT_COLOR_NAME = AccentColor;
				CODE_SIGN_ENTITLEMENTS = GitCockpit/GitCockpit.entitlements;
				"CODE_SIGN_IDENTITY[sdk=macosx*]" = "Apple Development";
				CODE_SIGN_STYLE = Automatic;
				CURRENT_PROJECT_VERSION = 1;
				DEAD_CODE_STRIPPING = YES;
				DEVELOPMENT_ASSET_PATHS = "\"GitCockpit/Preview Content\"";
				DEVELOPMENT_TEAM = GP8J64YJ37;
				ENABLE_HARDENED_RUNTIME = YES;
				"ENABLE_HARDENED_RUNTIME[sdk=macosx*]" = YES;
				ENABLE_PREVIEWS = YES;
				GENERATE_INFOPLIST_FILE = YES;
				INFOPLIST_KEY_CFBundleDisplayName = "Git Cockpit";
				INFOPLIST_KEY_LSApplicationCategoryType = "public.app-category.developer-tools";
				"INFOPLIST_KEY_UIApplicationSceneManifest_Generation[sdk=iphoneos*]" = YES;
				"INFOPLIST_KEY_UIApplicationSceneManifest_Generation[sdk=iphonesimulator*]" = YES;
				"INFOPLIST_KEY_UIApplicationSupportsIndirectInputEvents[sdk=iphoneos*]" = YES;
				"INFOPLIST_KEY_UIApplicationSupportsIndirectInputEvents[sdk=iphonesimulator*]" = YES;
				"INFOPLIST_KEY_UILaunchScreen_Generation[sdk=iphoneos*]" = YES;
				"INFOPLIST_KEY_UILaunchScreen_Generation[sdk=iphonesimulator*]" = YES;
				"INFOPLIST_KEY_UIStatusBarStyle[sdk=iphoneos*]" = UIStatusBarStyleDefault;
				"INFOPLIST_KEY_UIStatusBarStyle[sdk=iphonesimulator*]" = UIStatusBarStyleDefault;
				INFOPLIST_KEY_UISupportedInterfaceOrientations_iPad = "UIInterfaceOrientationPortrait UIInterfaceOrientationPortraitUpsideDown UIInterfaceOrientationLandscapeLeft UIInterfaceOrientationLandscapeRight";
				INFOPLIST_KEY_UISupportedInterfaceOrientations_iPhone = "UIInterfaceOrientationPortrait UIInterfaceOrientationLandscapeLeft UIInterfaceOrientationLandscapeRight";
				IPHONEOS_DEPLOYMENT_TARGET = 17.0;
				LD_RUNPATH_SEARCH_PATHS = "@executable_path/Frameworks";
				"LD_RUNPATH_SEARCH_PATHS[sdk=macosx*]" = "@executable_path/../Frameworks";
				MACOSX_DEPLOYMENT_TARGET = 14.0;
				MARKETING_VERSION = 1.0;
				PRODUCT_BUNDLE_IDENTIFIER = com.CodebyCR.GitCockpit;
				PRODUCT_NAME = "$(TARGET_NAME)";
				SDKROOT = auto;
				SUPPORTED_PLATFORMS = "iphoneos iphonesimulator macosx";
				SWIFT_EMIT_LOC_STRINGS = YES;
				SWIFT_VERSION = 5.0;
				TARGETED_DEVICE_FAMILY = "1,2";
			};
			name = Debug;
		};
		8EC46E342A23821500F3AF79 /* Release */ = {
			isa = XCBuildConfiguration;
			buildSettings = {
				ASSETCATALOG_COMPILER_APPICON_NAME = AppIcon;
				ASSETCATALOG_COMPILER_GLOBAL_ACCENT_COLOR_NAME = AccentColor;
				CODE_SIGN_ENTITLEMENTS = GitCockpit/GitCockpit.entitlements;
				"CODE_SIGN_IDENTITY[sdk=macosx*]" = "Apple Development";
				CODE_SIGN_STYLE = Automatic;
				CURRENT_PROJECT_VERSION = 1;
				DEAD_CODE_STRIPPING = YES;
				DEVELOPMENT_ASSET_PATHS = "\"GitCockpit/Preview Content\"";
				DEVELOPMENT_TEAM = GP8J64YJ37;
				ENABLE_HARDENED_RUNTIME = YES;
				"ENABLE_HARDENED_RUNTIME[sdk=macosx*]" = YES;
				ENABLE_PREVIEWS = YES;
				GENERATE_INFOPLIST_FILE = YES;
				INFOPLIST_KEY_CFBundleDisplayName = "Git Cockpit";
				INFOPLIST_KEY_LSApplicationCategoryType = "public.app-category.developer-tools";
				"INFOPLIST_KEY_UIApplicationSceneManifest_Generation[sdk=iphoneos*]" = YES;
				"INFOPLIST_KEY_UIApplicationSceneManifest_Generation[sdk=iphonesimulator*]" = YES;
				"INFOPLIST_KEY_UIApplicationSupportsIndirectInputEvents[sdk=iphoneos*]" = YES;
				"INFOPLIST_KEY_UIApplicationSupportsIndirectInputEvents[sdk=iphonesimulator*]" = YES;
				"INFOPLIST_KEY_UILaunchScreen_Generation[sdk=iphoneos*]" = YES;
				"INFOPLIST_KEY_UILaunchScreen_Generation[sdk=iphonesimulator*]" = YES;
				"INFOPLIST_KEY_UIStatusBarStyle[sdk=iphoneos*]" = UIStatusBarStyleDefault;
				"INFOPLIST_KEY_UIStatusBarStyle[sdk=iphonesimulator*]" = UIStatusBarStyleDefault;
				INFOPLIST_KEY_UISupportedInterfaceOrientations_iPad = "UIInterfaceOrientationPortrait UIInterfaceOrientationPortraitUpsideDown UIInterfaceOrientationLandscapeLeft UIInterfaceOrientationLandscapeRight";
				INFOPLIST_KEY_UISupportedInterfaceOrientations_iPhone = "UIInterfaceOrientationPortrait UIInterfaceOrientationLandscapeLeft UIInterfaceOrientationLandscapeRight";
				IPHONEOS_DEPLOYMENT_TARGET = 17.0;
				LD_RUNPATH_SEARCH_PATHS = "@executable_path/Frameworks";
				"LD_RUNPATH_SEARCH_PATHS[sdk=macosx*]" = "@executable_path/../Frameworks";
				MACOSX_DEPLOYMENT_TARGET = 14.0;
				MARKETING_VERSION = 1.0;
				PRODUCT_BUNDLE_IDENTIFIER = com.CodebyCR.GitCockpit;
				PRODUCT_NAME = "$(TARGET_NAME)";
				SDKROOT = auto;
				SUPPORTED_PLATFORMS = "iphoneos iphonesimulator macosx";
				SWIFT_EMIT_LOC_STRINGS = YES;
				SWIFT_VERSION = 5.0;
				TARGETED_DEVICE_FAMILY = "1,2";
			};
			name = Release;
		};
		8EC46E362A23821500F3AF79 /* Debug */ = {
			isa = XCBuildConfiguration;
			buildSettings = {
				ALWAYS_EMBED_SWIFT_STANDARD_LIBRARIES = YES;
				BUNDLE_LOADER = "$(TEST_HOST)";
				CODE_SIGN_STYLE = Automatic;
				CURRENT_PROJECT_VERSION = 1;
				DEAD_CODE_STRIPPING = YES;
				DEVELOPMENT_TEAM = 5JFNMP7X7J;
				GENERATE_INFOPLIST_FILE = YES;
				IPHONEOS_DEPLOYMENT_TARGET = 17.0;
				MACOSX_DEPLOYMENT_TARGET = 14.0;
				MARKETING_VERSION = 1.0;
				PRODUCT_BUNDLE_IDENTIFIER = com.CodebyCR.GitCockpitTests;
				PRODUCT_NAME = "$(TARGET_NAME)";
				SDKROOT = auto;
				SUPPORTED_PLATFORMS = "iphoneos iphonesimulator macosx";
				SWIFT_EMIT_LOC_STRINGS = NO;
				SWIFT_VERSION = 5.0;
				TARGETED_DEVICE_FAMILY = "1,2";
				TEST_HOST = "$(BUILT_PRODUCTS_DIR)/Git Cockpit.app/$(BUNDLE_EXECUTABLE_FOLDER_PATH)/Git Cockpit";
			};
			name = Debug;
		};
		8EC46E372A23821500F3AF79 /* Release */ = {
			isa = XCBuildConfiguration;
			buildSettings = {
				ALWAYS_EMBED_SWIFT_STANDARD_LIBRARIES = YES;
				BUNDLE_LOADER = "$(TEST_HOST)";
				CODE_SIGN_STYLE = Automatic;
				CURRENT_PROJECT_VERSION = 1;
				DEAD_CODE_STRIPPING = YES;
				DEVELOPMENT_TEAM = 5JFNMP7X7J;
				GENERATE_INFOPLIST_FILE = YES;
				IPHONEOS_DEPLOYMENT_TARGET = 17.0;
				MACOSX_DEPLOYMENT_TARGET = 14.0;
				MARKETING_VERSION = 1.0;
				PRODUCT_BUNDLE_IDENTIFIER = com.CodebyCR.GitCockpitTests;
				PRODUCT_NAME = "$(TARGET_NAME)";
				SDKROOT = auto;
				SUPPORTED_PLATFORMS = "iphoneos iphonesimulator macosx";
				SWIFT_EMIT_LOC_STRINGS = NO;
				SWIFT_VERSION = 5.0;
				TARGETED_DEVICE_FAMILY = "1,2";
				TEST_HOST = "$(BUILT_PRODUCTS_DIR)/Git Cockpit.app/$(BUNDLE_EXECUTABLE_FOLDER_PATH)/Git Cockpit";
			};
			name = Release;
		};
		8EC46E392A23821500F3AF79 /* Debug */ = {
			isa = XCBuildConfiguration;
			buildSettings = {
				ALWAYS_EMBED_SWIFT_STANDARD_LIBRARIES = YES;
				CODE_SIGN_STYLE = Automatic;
				CURRENT_PROJECT_VERSION = 1;
				DEAD_CODE_STRIPPING = YES;
				DEVELOPMENT_TEAM = 5JFNMP7X7J;
				GENERATE_INFOPLIST_FILE = YES;
				IPHONEOS_DEPLOYMENT_TARGET = 17.0;
				MACOSX_DEPLOYMENT_TARGET = 14.0;
				MARKETING_VERSION = 1.0;
				PRODUCT_BUNDLE_IDENTIFIER = com.CodebyCR.GitCockpitUITests;
				PRODUCT_NAME = "$(TARGET_NAME)";
				SDKROOT = auto;
				SUPPORTED_PLATFORMS = "iphoneos iphonesimulator macosx";
				SWIFT_EMIT_LOC_STRINGS = NO;
				SWIFT_VERSION = 5.0;
				TARGETED_DEVICE_FAMILY = "1,2";
				TEST_TARGET_NAME = GitCockpitTest;
			};
			name = Debug;
		};
		8EC46E3A2A23821500F3AF79 /* Release */ = {
			isa = XCBuildConfiguration;
			buildSettings = {
				ALWAYS_EMBED_SWIFT_STANDARD_LIBRARIES = YES;
				CODE_SIGN_STYLE = Automatic;
				CURRENT_PROJECT_VERSION = 1;
				DEAD_CODE_STRIPPING = YES;
				DEVELOPMENT_TEAM = 5JFNMP7X7J;
				GENERATE_INFOPLIST_FILE = YES;
				IPHONEOS_DEPLOYMENT_TARGET = 17.0;
				MACOSX_DEPLOYMENT_TARGET = 14.0;
				MARKETING_VERSION = 1.0;
				PRODUCT_BUNDLE_IDENTIFIER = com.CodebyCR.GitCockpitUITests;
				PRODUCT_NAME = "$(TARGET_NAME)";
				SDKROOT = auto;
				SUPPORTED_PLATFORMS = "iphoneos iphonesimulator macosx";
				SWIFT_EMIT_LOC_STRINGS = NO;
				SWIFT_VERSION = 5.0;
				TARGETED_DEVICE_FAMILY = "1,2";
				TEST_TARGET_NAME = GitCockpitTest;
			};
			name = Release;
		};
/* End XCBuildConfiguration section */

/* Begin XCConfigurationList section */
		8EC46E032A23821200F3AF79 /* Build configuration list for PBXProject "Git Cockpit" */ = {
			isa = XCConfigurationList;
			buildConfigurations = (
				8EC46E302A23821500F3AF79 /* Debug */,
				8EC46E312A23821500F3AF79 /* Release */,
			);
			defaultConfigurationIsVisible = 0;
			defaultConfigurationName = Release;
		};
		8EC46E322A23821500F3AF79 /* Build configuration list for PBXNativeTarget "Git Cockpit" */ = {
			isa = XCConfigurationList;
			buildConfigurations = (
				8EC46E332A23821500F3AF79 /* Debug */,
				8EC46E342A23821500F3AF79 /* Release */,
			);
			defaultConfigurationIsVisible = 0;
			defaultConfigurationName = Release;
		};
		8EC46E352A23821500F3AF79 /* Build configuration list for PBXNativeTarget "Git CockpitTests" */ = {
			isa = XCConfigurationList;
			buildConfigurations = (
				8EC46E362A23821500F3AF79 /* Debug */,
				8EC46E372A23821500F3AF79 /* Release */,
			);
			defaultConfigurationIsVisible = 0;
			defaultConfigurationName = Release;
		};
		8EC46E382A23821500F3AF79 /* Build configuration list for PBXNativeTarget "Git CockpitUITests" */ = {
			isa = XCConfigurationList;
			buildConfigurations = (
				8EC46E392A23821500F3AF79 /* Debug */,
				8EC46E3A2A23821500F3AF79 /* Release */,
			);
			defaultConfigurationIsVisible = 0;
			defaultConfigurationName = Release;
		};
/* End XCConfigurationList section */

/* Begin XCRemoteSwiftPackageReference section */
		8E6E0C802AEED69300B1A013 /* XCRemoteSwiftPackageReference "SwiftLint" */ = {
			isa = XCRemoteSwiftPackageReference;
			repositoryURL = "https://github.com/realm/SwiftLint";
			requirement = {
				kind = upToNextMajorVersion;
				minimumVersion = 0.53.0;
			};
		};
		8EC7026C2B0A431000A6E2E2 /* XCRemoteSwiftPackageReference "swift-log" */ = {
			isa = XCRemoteSwiftPackageReference;
			repositoryURL = "https://github.com/apple/swift-log.git";
			requirement = {
				kind = upToNextMajorVersion;
				minimumVersion = 1.5.3;
			};
		};
/* End XCRemoteSwiftPackageReference section */

/* Begin XCSwiftPackageProductDependency section */
		8E6E0C812AEED6FE00B1A013 /* SwiftLintPlugin */ = {
			isa = XCSwiftPackageProductDependency;
			package = 8E6E0C802AEED69300B1A013 /* XCRemoteSwiftPackageReference "SwiftLint" */;
			productName = "plugin:SwiftLintPlugin";
		};
		8EC7026D2B0A431100A6E2E2 /* Logging */ = {
			isa = XCSwiftPackageProductDependency;
			package = 8EC7026C2B0A431000A6E2E2 /* XCRemoteSwiftPackageReference "swift-log" */;
			productName = Logging;
		};
/* End XCSwiftPackageProductDependency section */
	};
	rootObject = 8EC46E002A23821200F3AF79 /* Project object */;
}
